
Microsoft Visual Studio Solution File, Format Version 12.00
# Visual Studio Version 17
VisualStudioVersion = 17.1.32319.34
MinimumVisualStudioVersion = 10.0.40219.1
Project("{9A19103F-16F7-4668-BE54-9A1E7A4F7556}") = "Zeeros.Identity", "Zeeros.Identity\Zeeros.Identity.csproj", "{B2A4368B-1AEE-4111-9A2F-28E16174ADE9}"
EndProject
Project("{9A19103F-16F7-4668-BE54-9A1E7A4F7556}") = "Zeeros.Gateway", "Zeeros.Gateway\Zeeros.Gateway.csproj", "{6FDD624B-3B2A-40E1-B328-BCFB32898531}"
EndProject
Project("{FAE04EC0-301F-11D3-BF4B-00C04F79EFBC}") = "Zeeros.Posts", "Zeeros.Posts\Zeeros.Posts.csproj", "{CFD0A956-BD88-4454-B366-AD3CF4DC34F9}"
EndProject
Global
	GlobalSection(SolutionConfigurationPlatforms) = preSolution
		Debug|Any CPU = Debug|Any CPU
		Release|Any CPU = Release|Any CPU
	EndGlobalSection
	GlobalSection(ProjectConfigurationPlatforms) = postSolution
		{B2A4368B-1AEE-4111-9A2F-28E16174ADE9}.Debug|Any CPU.ActiveCfg = Debug|Any CPU
		{B2A4368B-1AEE-4111-9A2F-28E16174ADE9}.Debug|Any CPU.Build.0 = Debug|Any CPU
		{B2A4368B-1AEE-4111-9A2F-28E16174ADE9}.Release|Any CPU.ActiveCfg = Release|Any CPU
		{B2A4368B-1AEE-4111-9A2F-28E16174ADE9}.Release|Any CPU.Build.0 = Release|Any CPU
		{6FDD624B-3B2A-40E1-B328-BCFB32898531}.Debug|Any CPU.ActiveCfg = Debug|Any CPU
		{6FDD624B-3B2A-40E1-B328-BCFB32898531}.Debug|Any CPU.Build.0 = Debug|Any CPU
		{6FDD624B-3B2A-40E1-B328-BCFB32898531}.Release|Any CPU.ActiveCfg = Release|Any CPU
		{6FDD624B-3B2A-40E1-B328-BCFB32898531}.Release|Any CPU.Build.0 = Release|Any CPU
		{CFD0A956-BD88-4454-B366-AD3CF4DC34F9}.Debug|Any CPU.ActiveCfg = Debug|Any CPU
		{CFD0A956-BD88-4454-B366-AD3CF4DC34F9}.Debug|Any CPU.Build.0 = Debug|Any CPU
		{CFD0A956-BD88-4454-B366-AD3CF4DC34F9}.Release|Any CPU.ActiveCfg = Release|Any CPU
		{CFD0A956-BD88-4454-B366-AD3CF4DC34F9}.Release|Any CPU.Build.0 = Release|Any CPU
	EndGlobalSection
	GlobalSection(SolutionProperties) = preSolution
		HideSolutionNode = FALSE
	EndGlobalSection
	GlobalSection(ExtensibilityGlobals) = postSolution
		SolutionGuid = {2B47CA06-705B-4015-8B48-762E34BD304C}
	EndGlobalSection
EndGlobal
